// !$*UTF8*$!
{
	archiveVersion = 1;
	classes = {
	};
	objectVersion = 46;
	objects = {

/* Begin PBXBuildFile section */
		6E50BF57D701CC142C8978A1 /* libPods-HZNetFrameWork.a in Frameworks */ = {isa = PBXBuildFile; fileRef = 120B5FB8A9D2A42C9B91F2D0 /* libPods-HZNetFrameWork.a */; };
		FE4573181FCC08C100B44F1C /* GSNetWorkManager.m in Sources */ = {isa = PBXBuildFile; fileRef = FE4573171FCC08C100B44F1C /* GSNetWorkManager.m */; };
		FE45731D1FCCF53D00B44F1C /* GSBaseNetRequest.m in Sources */ = {isa = PBXBuildFile; fileRef = FE45731C1FCCF53D00B44F1C /* GSBaseNetRequest.m */; };
		FE4573201FCCF59D00B44F1C /* GSBaseNetResponse.m in Sources */ = {isa = PBXBuildFile; fileRef = FE45731F1FCCF59D00B44F1C /* GSBaseNetResponse.m */; };
		FE4573271FCCF66800B44F1C /* GSBaseNetError.m in Sources */ = {isa = PBXBuildFile; fileRef = FE4573261FCCF66800B44F1C /* GSBaseNetError.m */; };
		FE45732B1FCD368800B44F1C /* GSFileBaseNetRequest.m in Sources */ = {isa = PBXBuildFile; fileRef = FE45732A1FCD368800B44F1C /* GSFileBaseNetRequest.m */; };
		FECF48F01FAD59B1006C96EE /* HZHTTPRequestHeaderConfig.m in Sources */ = {isa = PBXBuildFile; fileRef = FECF48E91FAD5745006C96EE /* HZHTTPRequestHeaderConfig.m */; };
		FECF48F11FAD59B1006C96EE /* HZHTTPRequestManager.m in Sources */ = {isa = PBXBuildFile; fileRef = FECF48EB1FAD5745006C96EE /* HZHTTPRequestManager.m */; };
		FECF48F21FAD59B1006C96EE /* HZHTTPRequestModel.m in Sources */ = {isa = PBXBuildFile; fileRef = FECF48ED1FAD5745006C96EE /* HZHTTPRequestModel.m */; };
		FECF48F31FAD59B1006C96EE /* HZHTTPResponseModel.m in Sources */ = {isa = PBXBuildFile; fileRef = FECF48EF1FAD5745006C96EE /* HZHTTPResponseModel.m */; };
		FEFA0DF91F4FB3B50044E23E /* main.m in Sources */ = {isa = PBXBuildFile; fileRef = FEFA0DF81F4FB3B50044E23E /* main.m */; };
		FEFA0DFC1F4FB3B50044E23E /* AppDelegate.m in Sources */ = {isa = PBXBuildFile; fileRef = FEFA0DFB1F4FB3B50044E23E /* AppDelegate.m */; };
		FEFA0DFF1F4FB3B50044E23E /* ViewController.m in Sources */ = {isa = PBXBuildFile; fileRef = FEFA0DFE1F4FB3B50044E23E /* ViewController.m */; };
		FEFA0E021F4FB3B50044E23E /* Main.storyboard in Resources */ = {isa = PBXBuildFile; fileRef = FEFA0E001F4FB3B50044E23E /* Main.storyboard */; };
		FEFA0E051F4FB3B50044E23E /* HZNetFrameWork.xcdatamodeld in Sources */ = {isa = PBXBuildFile; fileRef = FEFA0E031F4FB3B50044E23E /* HZNetFrameWork.xcdatamodeld */; };
		FEFA0E071F4FB3B50044E23E /* Assets.xcassets in Resources */ = {isa = PBXBuildFile; fileRef = FEFA0E061F4FB3B50044E23E /* Assets.xcassets */; };
		FEFA0E0A1F4FB3B50044E23E /* LaunchScreen.storyboard in Resources */ = {isa = PBXBuildFile; fileRef = FEFA0E081F4FB3B50044E23E /* LaunchScreen.storyboard */; };
		FEFA0E151F4FB3B50044E23E /* HZNetFrameWorkTests.m in Sources */ = {isa = PBXBuildFile; fileRef = FEFA0E141F4FB3B50044E23E /* HZNetFrameWorkTests.m */; };
		FEFA0E201F4FB3B50044E23E /* HZNetFrameWorkUITests.m in Sources */ = {isa = PBXBuildFile; fileRef = FEFA0E1F1F4FB3B50044E23E /* HZNetFrameWorkUITests.m */; };
/* End PBXBuildFile section */

/* Begin PBXContainerItemProxy section */
		FEFA0E111F4FB3B50044E23E /* PBXContainerItemProxy */ = {
			isa = PBXContainerItemProxy;
			containerPortal = FEFA0DEC1F4FB3B50044E23E /* Project object */;
			proxyType = 1;
			remoteGlobalIDString = FEFA0DF31F4FB3B50044E23E;
			remoteInfo = HZNetFrameWork;
		};
		FEFA0E1C1F4FB3B50044E23E /* PBXContainerItemProxy */ = {
			isa = PBXContainerItemProxy;
			containerPortal = FEFA0DEC1F4FB3B50044E23E /* Project object */;
			proxyType = 1;
			remoteGlobalIDString = FEFA0DF31F4FB3B50044E23E;
			remoteInfo = HZNetFrameWork;
		};
/* End PBXContainerItemProxy section */

/* Begin PBXFileReference section */
		120B5FB8A9D2A42C9B91F2D0 /* libPods-HZNetFrameWork.a */ = {isa = PBXFileReference; explicitFileType = archive.ar; includeInIndex = 0; path = "libPods-HZNetFrameWork.a"; sourceTree = BUILT_PRODUCTS_DIR; };
		6AB7836B397C94995188C106 /* Pods-HZNetFrameWork.release.xcconfig */ = {isa = PBXFileReference; includeInIndex = 1; lastKnownFileType = text.xcconfig; name = "Pods-HZNetFrameWork.release.xcconfig"; path = "Pods/Target Support Files/Pods-HZNetFrameWork/Pods-HZNetFrameWork.release.xcconfig"; sourceTree = "<group>"; };
		AC048BCBDB653730D884807A /* Pods-HZNetFrameWork.debug.xcconfig */ = {isa = PBXFileReference; includeInIndex = 1; lastKnownFileType = text.xcconfig; name = "Pods-HZNetFrameWork.debug.xcconfig"; path = "Pods/Target Support Files/Pods-HZNetFrameWork/Pods-HZNetFrameWork.debug.xcconfig"; sourceTree = "<group>"; };
		FE4573161FCC08C100B44F1C /* GSNetWorkManager.h */ = {isa = PBXFileReference; lastKnownFileType = sourcecode.c.h; path = GSNetWorkManager.h; sourceTree = "<group>"; };
		FE4573171FCC08C100B44F1C /* GSNetWorkManager.m */ = {isa = PBXFileReference; lastKnownFileType = sourcecode.c.objc; path = GSNetWorkManager.m; sourceTree = "<group>"; };
		FE4573191FCCF44F00B44F1C /* GSINetRequest.h */ = {isa = PBXFileReference; lastKnownFileType = sourcecode.c.h; path = GSINetRequest.h; sourceTree = "<group>"; };
		FE45731A1FCCF47100B44F1C /* GSINetResponse.h */ = {isa = PBXFileReference; lastKnownFileType = sourcecode.c.h; path = GSINetResponse.h; sourceTree = "<group>"; };
		FE45731B1FCCF53D00B44F1C /* GSBaseNetRequest.h */ = {isa = PBXFileReference; lastKnownFileType = sourcecode.c.h; path = GSBaseNetRequest.h; sourceTree = "<group>"; };
		FE45731C1FCCF53D00B44F1C /* GSBaseNetRequest.m */ = {isa = PBXFileReference; lastKnownFileType = sourcecode.c.objc; path = GSBaseNetRequest.m; sourceTree = "<group>"; };
		FE45731E1FCCF59D00B44F1C /* GSBaseNetResponse.h */ = {isa = PBXFileReference; lastKnownFileType = sourcecode.c.h; path = GSBaseNetResponse.h; sourceTree = "<group>"; };
		FE45731F1FCCF59D00B44F1C /* GSBaseNetResponse.m */ = {isa = PBXFileReference; lastKnownFileType = sourcecode.c.objc; path = GSBaseNetResponse.m; sourceTree = "<group>"; };
		FE4573241FCCF60200B44F1C /* GSINetError.h */ = {isa = PBXFileReference; lastKnownFileType = sourcecode.c.h; path = GSINetError.h; sourceTree = "<group>"; };
		FE4573251FCCF66800B44F1C /* GSBaseNetError.h */ = {isa = PBXFileReference; lastKnownFileType = sourcecode.c.h; path = GSBaseNetError.h; sourceTree = "<group>"; };
		FE4573261FCCF66800B44F1C /* GSBaseNetError.m */ = {isa = PBXFileReference; lastKnownFileType = sourcecode.c.objc; path = GSBaseNetError.m; sourceTree = "<group>"; };
		FE4573281FCD35CA00B44F1C /* GSIFileNetRequest.h */ = {isa = PBXFileReference; lastKnownFileType = sourcecode.c.h; path = GSIFileNetRequest.h; sourceTree = "<group>"; };
		FE4573291FCD368800B44F1C /* GSFileBaseNetRequest.h */ = {isa = PBXFileReference; lastKnownFileType = sourcecode.c.h; path = GSFileBaseNetRequest.h; sourceTree = "<group>"; };
		FE45732A1FCD368800B44F1C /* GSFileBaseNetRequest.m */ = {isa = PBXFileReference; lastKnownFileType = sourcecode.c.objc; path = GSFileBaseNetRequest.m; sourceTree = "<group>"; };
		FECF48E81FAD5745006C96EE /* HZHTTPRequestHeaderConfig.h */ = {isa = PBXFileReference; lastKnownFileType = sourcecode.c.h; path = HZHTTPRequestHeaderConfig.h; sourceTree = "<group>"; };
		FECF48E91FAD5745006C96EE /* HZHTTPRequestHeaderConfig.m */ = {isa = PBXFileReference; lastKnownFileType = sourcecode.c.objc; path = HZHTTPRequestHeaderConfig.m; sourceTree = "<group>"; };
		FECF48EA1FAD5745006C96EE /* HZHTTPRequestManager.h */ = {isa = PBXFileReference; lastKnownFileType = sourcecode.c.h; path = HZHTTPRequestManager.h; sourceTree = "<group>"; };
		FECF48EB1FAD5745006C96EE /* HZHTTPRequestManager.m */ = {isa = PBXFileReference; lastKnownFileType = sourcecode.c.objc; path = HZHTTPRequestManager.m; sourceTree = "<group>"; };
		FECF48EC1FAD5745006C96EE /* HZHTTPRequestModel.h */ = {isa = PBXFileReference; lastKnownFileType = sourcecode.c.h; path = HZHTTPRequestModel.h; sourceTree = "<group>"; };
		FECF48ED1FAD5745006C96EE /* HZHTTPRequestModel.m */ = {isa = PBXFileReference; lastKnownFileType = sourcecode.c.objc; path = HZHTTPRequestModel.m; sourceTree = "<group>"; };
		FECF48EE1FAD5745006C96EE /* HZHTTPResponseModel.h */ = {isa = PBXFileReference; lastKnownFileType = sourcecode.c.h; path = HZHTTPResponseModel.h; sourceTree = "<group>"; };
		FECF48EF1FAD5745006C96EE /* HZHTTPResponseModel.m */ = {isa = PBXFileReference; lastKnownFileType = sourcecode.c.objc; path = HZHTTPResponseModel.m; sourceTree = "<group>"; };
		FEFA0DF41F4FB3B50044E23E /* HZNetFrameWork.app */ = {isa = PBXFileReference; explicitFileType = wrapper.application; includeInIndex = 0; path = HZNetFrameWork.app; sourceTree = BUILT_PRODUCTS_DIR; };
		FEFA0DF81F4FB3B50044E23E /* main.m */ = {isa = PBXFileReference; lastKnownFileType = sourcecode.c.objc; path = main.m; sourceTree = "<group>"; };
		FEFA0DFA1F4FB3B50044E23E /* AppDelegate.h */ = {isa = PBXFileReference; lastKnownFileType = sourcecode.c.h; path = AppDelegate.h; sourceTree = "<group>"; };
		FEFA0DFB1F4FB3B50044E23E /* AppDelegate.m */ = {isa = PBXFileReference; lastKnownFileType = sourcecode.c.objc; path = AppDelegate.m; sourceTree = "<group>"; };
		FEFA0DFD1F4FB3B50044E23E /* ViewController.h */ = {isa = PBXFileReference; lastKnownFileType = sourcecode.c.h; path = ViewController.h; sourceTree = "<group>"; };
		FEFA0DFE1F4FB3B50044E23E /* ViewController.m */ = {isa = PBXFileReference; lastKnownFileType = sourcecode.c.objc; path = ViewController.m; sourceTree = "<group>"; };
		FEFA0E011F4FB3B50044E23E /* Base */ = {isa = PBXFileReference; lastKnownFileType = file.storyboard; name = Base; path = Base.lproj/Main.storyboard; sourceTree = "<group>"; };
		FEFA0E041F4FB3B50044E23E /* HZNetFrameWork.xcdatamodel */ = {isa = PBXFileReference; lastKnownFileType = wrapper.xcdatamodel; path = HZNetFrameWork.xcdatamodel; sourceTree = "<group>"; };
		FEFA0E061F4FB3B50044E23E /* Assets.xcassets */ = {isa = PBXFileReference; lastKnownFileType = folder.assetcatalog; path = Assets.xcassets; sourceTree = "<group>"; };
		FEFA0E091F4FB3B50044E23E /* Base */ = {isa = PBXFileReference; lastKnownFileType = file.storyboard; name = Base; path = Base.lproj/LaunchScreen.storyboard; sourceTree = "<group>"; };
		FEFA0E0B1F4FB3B50044E23E /* Info.plist */ = {isa = PBXFileReference; lastKnownFileType = text.plist.xml; path = Info.plist; sourceTree = "<group>"; };
		FEFA0E101F4FB3B50044E23E /* HZNetFrameWorkTests.xctest */ = {isa = PBXFileReference; explicitFileType = wrapper.cfbundle; includeInIndex = 0; path = HZNetFrameWorkTests.xctest; sourceTree = BUILT_PRODUCTS_DIR; };
		FEFA0E141F4FB3B50044E23E /* HZNetFrameWorkTests.m */ = {isa = PBXFileReference; lastKnownFileType = sourcecode.c.objc; path = HZNetFrameWorkTests.m; sourceTree = "<group>"; };
		FEFA0E161F4FB3B50044E23E /* Info.plist */ = {isa = PBXFileReference; lastKnownFileType = text.plist.xml; path = Info.plist; sourceTree = "<group>"; };
		FEFA0E1B1F4FB3B50044E23E /* HZNetFrameWorkUITests.xctest */ = {isa = PBXFileReference; explicitFileType = wrapper.cfbundle; includeInIndex = 0; path = HZNetFrameWorkUITests.xctest; sourceTree = BUILT_PRODUCTS_DIR; };
		FEFA0E1F1F4FB3B50044E23E /* HZNetFrameWorkUITests.m */ = {isa = PBXFileReference; lastKnownFileType = sourcecode.c.objc; path = HZNetFrameWorkUITests.m; sourceTree = "<group>"; };
		FEFA0E211F4FB3B50044E23E /* Info.plist */ = {isa = PBXFileReference; lastKnownFileType = text.plist.xml; path = Info.plist; sourceTree = "<group>"; };
/* End PBXFileReference section */

/* Begin PBXFrameworksBuildPhase section */
		FEFA0DF11F4FB3B50044E23E /* Frameworks */ = {
			isa = PBXFrameworksBuildPhase;
			buildActionMask = 2147483647;
			files = (
				6E50BF57D701CC142C8978A1 /* libPods-HZNetFrameWork.a in Frameworks */,
			);
			runOnlyForDeploymentPostprocessing = 0;
		};
		FEFA0E0D1F4FB3B50044E23E /* Frameworks */ = {
			isa = PBXFrameworksBuildPhase;
			buildActionMask = 2147483647;
			files = (
			);
			runOnlyForDeploymentPostprocessing = 0;
		};
		FEFA0E181F4FB3B50044E23E /* Frameworks */ = {
			isa = PBXFrameworksBuildPhase;
			buildActionMask = 2147483647;
			files = (
			);
			runOnlyForDeploymentPostprocessing = 0;
		};
/* End PBXFrameworksBuildPhase section */

/* Begin PBXGroup section */
		5309CE59637A25C486A996E9 /* Frameworks */ = {
			isa = PBXGroup;
			children = (
				120B5FB8A9D2A42C9B91F2D0 /* libPods-HZNetFrameWork.a */,
			);
			name = Frameworks;
			sourceTree = "<group>";
		};
		A9B9712B7620786F172B6868 /* Pods */ = {
			isa = PBXGroup;
			children = (
				AC048BCBDB653730D884807A /* Pods-HZNetFrameWork.debug.xcconfig */,
				6AB7836B397C94995188C106 /* Pods-HZNetFrameWork.release.xcconfig */,
			);
			name = Pods;
			sourceTree = "<group>";
		};
		FECF48E71FAD5745006C96EE /* HZNetworking */ = {
			isa = PBXGroup;
			children = (
				FECF48E81FAD5745006C96EE /* HZHTTPRequestHeaderConfig.h */,
				FECF48E91FAD5745006C96EE /* HZHTTPRequestHeaderConfig.m */,
				FECF48EA1FAD5745006C96EE /* HZHTTPRequestManager.h */,
				FECF48EB1FAD5745006C96EE /* HZHTTPRequestManager.m */,
				FECF48EC1FAD5745006C96EE /* HZHTTPRequestModel.h */,
				FECF48ED1FAD5745006C96EE /* HZHTTPRequestModel.m */,
				FECF48EE1FAD5745006C96EE /* HZHTTPResponseModel.h */,
				FECF48EF1FAD5745006C96EE /* HZHTTPResponseModel.m */,
			);
			path = HZNetworking;
			sourceTree = "<group>";
		};
		FEFA0DEB1F4FB3B50044E23E = {
			isa = PBXGroup;
			children = (
				FEFA0DF61F4FB3B50044E23E /* HZNetFrameWork */,
				FEFA0E131F4FB3B50044E23E /* HZNetFrameWorkTests */,
				FEFA0E1E1F4FB3B50044E23E /* HZNetFrameWorkUITests */,
				FEFA0DF51F4FB3B50044E23E /* Products */,
				A9B9712B7620786F172B6868 /* Pods */,
				5309CE59637A25C486A996E9 /* Frameworks */,
			);
			sourceTree = "<group>";
		};
		FEFA0DF51F4FB3B50044E23E /* Products */ = {
			isa = PBXGroup;
			children = (
				FEFA0DF41F4FB3B50044E23E /* HZNetFrameWork.app */,
				FEFA0E101F4FB3B50044E23E /* HZNetFrameWorkTests.xctest */,
				FEFA0E1B1F4FB3B50044E23E /* HZNetFrameWorkUITests.xctest */,
			);
			name = Products;
			sourceTree = "<group>";
		};
		FEFA0DF61F4FB3B50044E23E /* HZNetFrameWork */ = {
			isa = PBXGroup;
			children = (
				FEFA0DFA1F4FB3B50044E23E /* AppDelegate.h */,
				FEFA0DFB1F4FB3B50044E23E /* AppDelegate.m */,
				FEFA0DFD1F4FB3B50044E23E /* ViewController.h */,
				FEFA0DFE1F4FB3B50044E23E /* ViewController.m */,
				FEFA0E001F4FB3B50044E23E /* Main.storyboard */,
				FE4573161FCC08C100B44F1C /* GSNetWorkManager.h */,
				FE4573171FCC08C100B44F1C /* GSNetWorkManager.m */,
				FE4573191FCCF44F00B44F1C /* GSINetRequest.h */,
				FE4573281FCD35CA00B44F1C /* GSIFileNetRequest.h */,
				FE45731B1FCCF53D00B44F1C /* GSBaseNetRequest.h */,
				FE45731C1FCCF53D00B44F1C /* GSBaseNetRequest.m */,
				FE4573291FCD368800B44F1C /* GSFileBaseNetRequest.h */,
				FE45732A1FCD368800B44F1C /* GSFileBaseNetRequest.m */,
				FE45731A1FCCF47100B44F1C /* GSINetResponse.h */,
				FE45731E1FCCF59D00B44F1C /* GSBaseNetResponse.h */,
				FE45731F1FCCF59D00B44F1C /* GSBaseNetResponse.m */,
				FE4573241FCCF60200B44F1C /* GSINetError.h */,
				FE4573251FCCF66800B44F1C /* GSBaseNetError.h */,
				FE4573261FCCF66800B44F1C /* GSBaseNetError.m */,
				FEFA0E061F4FB3B50044E23E /* Assets.xcassets */,
				FEFA0E081F4FB3B50044E23E /* LaunchScreen.storyboard */,
				FEFA0E0B1F4FB3B50044E23E /* Info.plist */,
				FEFA0E031F4FB3B50044E23E /* HZNetFrameWork.xcdatamodeld */,
				FECF48E71FAD5745006C96EE /* HZNetworking */,
				FEFA0DF71F4FB3B50044E23E /* Supporting Files */,
			);
			path = HZNetFrameWork;
			sourceTree = "<group>";
		};
		FEFA0DF71F4FB3B50044E23E /* Supporting Files */ = {
			isa = PBXGroup;
			children = (
				FEFA0DF81F4FB3B50044E23E /* main.m */,
			);
			name = "Supporting Files";
			sourceTree = "<group>";
		};
		FEFA0E131F4FB3B50044E23E /* HZNetFrameWorkTests */ = {
			isa = PBXGroup;
			children = (
				FEFA0E141F4FB3B50044E23E /* HZNetFrameWorkTests.m */,
				FEFA0E161F4FB3B50044E23E /* Info.plist */,
			);
			path = HZNetFrameWorkTests;
			sourceTree = "<group>";
		};
		FEFA0E1E1F4FB3B50044E23E /* HZNetFrameWorkUITests */ = {
			isa = PBXGroup;
			children = (
				FEFA0E1F1F4FB3B50044E23E /* HZNetFrameWorkUITests.m */,
				FEFA0E211F4FB3B50044E23E /* Info.plist */,
			);
			path = HZNetFrameWorkUITests;
			sourceTree = "<group>";
		};
/* End PBXGroup section */

/* Begin PBXNativeTarget section */
		FEFA0DF31F4FB3B50044E23E /* HZNetFrameWork */ = {
			isa = PBXNativeTarget;
			buildConfigurationList = FEFA0E241F4FB3B50044E23E /* Build configuration list for PBXNativeTarget "HZNetFrameWork" */;
			buildPhases = (
				DEF4024BECDF53562513DA07 /* [CP] Check Pods Manifest.lock */,
				FEFA0DF01F4FB3B50044E23E /* Sources */,
				FEFA0DF11F4FB3B50044E23E /* Frameworks */,
				FEFA0DF21F4FB3B50044E23E /* Resources */,
				8DC01359508B7D3C9896AF22 /* [CP] Embed Pods Frameworks */,
				E631D577E613024FB64DEDB1 /* [CP] Copy Pods Resources */,
			);
			buildRules = (
			);
			dependencies = (
			);
			name = HZNetFrameWork;
			productName = HZNetFrameWork;
			productReference = FEFA0DF41F4FB3B50044E23E /* HZNetFrameWork.app */;
			productType = "com.apple.product-type.application";
		};
		FEFA0E0F1F4FB3B50044E23E /* HZNetFrameWorkTests */ = {
			isa = PBXNativeTarget;
			buildConfigurationList = FEFA0E271F4FB3B50044E23E /* Build configuration list for PBXNativeTarget "HZNetFrameWorkTests" */;
			buildPhases = (
				FEFA0E0C1F4FB3B50044E23E /* Sources */,
				FEFA0E0D1F4FB3B50044E23E /* Frameworks */,
				FEFA0E0E1F4FB3B50044E23E /* Resources */,
			);
			buildRules = (
			);
			dependencies = (
				FEFA0E121F4FB3B50044E23E /* PBXTargetDependency */,
			);
			name = HZNetFrameWorkTests;
			productName = HZNetFrameWorkTests;
			productReference = FEFA0E101F4FB3B50044E23E /* HZNetFrameWorkTests.xctest */;
			productType = "com.apple.product-type.bundle.unit-test";
		};
		FEFA0E1A1F4FB3B50044E23E /* HZNetFrameWorkUITests */ = {
			isa = PBXNativeTarget;
			buildConfigurationList = FEFA0E2A1F4FB3B50044E23E /* Build configuration list for PBXNativeTarget "HZNetFrameWorkUITests" */;
			buildPhases = (
				FEFA0E171F4FB3B50044E23E /* Sources */,
				FEFA0E181F4FB3B50044E23E /* Frameworks */,
				FEFA0E191F4FB3B50044E23E /* Resources */,
			);
			buildRules = (
			);
			dependencies = (
				FEFA0E1D1F4FB3B50044E23E /* PBXTargetDependency */,
			);
			name = HZNetFrameWorkUITests;
			productName = HZNetFrameWorkUITests;
			productReference = FEFA0E1B1F4FB3B50044E23E /* HZNetFrameWorkUITests.xctest */;
			productType = "com.apple.product-type.bundle.ui-testing";
		};
/* End PBXNativeTarget section */

/* Begin PBXProject section */
		FEFA0DEC1F4FB3B50044E23E /* Project object */ = {
			isa = PBXProject;
			attributes = {
				LastUpgradeCheck = 0900;
				ORGANIZATIONNAME = "吴华林";
				TargetAttributes = {
					FEFA0DF31F4FB3B50044E23E = {
						CreatedOnToolsVersion = 8.3.3;
						ProvisioningStyle = Automatic;
					};
					FEFA0E0F1F4FB3B50044E23E = {
						CreatedOnToolsVersion = 8.3.3;
						ProvisioningStyle = Automatic;
						TestTargetID = FEFA0DF31F4FB3B50044E23E;
					};
					FEFA0E1A1F4FB3B50044E23E = {
						CreatedOnToolsVersion = 8.3.3;
						ProvisioningStyle = Automatic;
						TestTargetID = FEFA0DF31F4FB3B50044E23E;
					};
				};
			};
			buildConfigurationList = FEFA0DEF1F4FB3B50044E23E /* Build configuration list for PBXProject "HZNetFrameWork" */;
			compatibilityVersion = "Xcode 3.2";
			developmentRegion = English;
			hasScannedForEncodings = 0;
			knownRegions = (
				en,
				Base,
			);
			mainGroup = FEFA0DEB1F4FB3B50044E23E;
			productRefGroup = FEFA0DF51F4FB3B50044E23E /* Products */;
			projectDirPath = "";
			projectRoot = "";
			targets = (
				FEFA0DF31F4FB3B50044E23E /* HZNetFrameWork */,
				FEFA0E0F1F4FB3B50044E23E /* HZNetFrameWorkTests */,
				FEFA0E1A1F4FB3B50044E23E /* HZNetFrameWorkUITests */,
			);
		};
/* End PBXProject section */

/* Begin PBXResourcesBuildPhase section */
		FEFA0DF21F4FB3B50044E23E /* Resources */ = {
			isa = PBXResourcesBuildPhase;
			buildActionMask = 2147483647;
			files = (
				FEFA0E0A1F4FB3B50044E23E /* LaunchScreen.storyboard in Resources */,
				FEFA0E071F4FB3B50044E23E /* Assets.xcassets in Resources */,
				FEFA0E021F4FB3B50044E23E /* Main.storyboard in Resources */,
			);
			runOnlyForDeploymentPostprocessing = 0;
		};
		FEFA0E0E1F4FB3B50044E23E /* Resources */ = {
			isa = PBXResourcesBuildPhase;
			buildActionMask = 2147483647;
			files = (
			);
			runOnlyForDeploymentPostprocessing = 0;
		};
		FEFA0E191F4FB3B50044E23E /* Resources */ = {
			isa = PBXResourcesBuildPhase;
			buildActionMask = 2147483647;
			files = (
			);
			runOnlyForDeploymentPostprocessing = 0;
		};
/* End PBXResourcesBuildPhase section */

/* Begin PBXShellScriptBuildPhase section */
		8DC01359508B7D3C9896AF22 /* [CP] Embed Pods Frameworks */ = {
			isa = PBXShellScriptBuildPhase;
			buildActionMask = 2147483647;
			files = (
			);
			inputPaths = (
			);
			name = "[CP] Embed Pods Frameworks";
			outputPaths = (
			);
			runOnlyForDeploymentPostprocessing = 0;
			shellPath = /bin/sh;
			shellScript = "\"${SRCROOT}/Pods/Target Support Files/Pods-HZNetFrameWork/Pods-HZNetFrameWork-frameworks.sh\"\n";
			showEnvVarsInLog = 0;
		};
		DEF4024BECDF53562513DA07 /* [CP] Check Pods Manifest.lock */ = {
			isa = PBXShellScriptBuildPhase;
			buildActionMask = 2147483647;
			files = (
			);
			inputPaths = (
			);
			name = "[CP] Check Pods Manifest.lock";
			outputPaths = (
			);
			runOnlyForDeploymentPostprocessing = 0;
			shellPath = /bin/sh;
			shellScript = "diff \"${PODS_PODFILE_DIR_PATH}/Podfile.lock\" \"${PODS_ROOT}/Manifest.lock\" > /dev/null\nif [ $? != 0 ] ; then\n    # print error to STDERR\n    echo \"error: The sandbox is not in sync with the Podfile.lock. Run 'pod install' or update your CocoaPods installation.\" >&2\n    exit 1\nfi\n";
			showEnvVarsInLog = 0;
		};
		E631D577E613024FB64DEDB1 /* [CP] Copy Pods Resources */ = {
			isa = PBXShellScriptBuildPhase;
			buildActionMask = 2147483647;
			files = (
			);
			inputPaths = (
			);
			name = "[CP] Copy Pods Resources";
			outputPaths = (
			);
			runOnlyForDeploymentPostprocessing = 0;
			shellPath = /bin/sh;
			shellScript = "\"${SRCROOT}/Pods/Target Support Files/Pods-HZNetFrameWork/Pods-HZNetFrameWork-resources.sh\"\n";
			showEnvVarsInLog = 0;
		};
/* End PBXShellScriptBuildPhase section */

/* Begin PBXSourcesBuildPhase section */
		FEFA0DF01F4FB3B50044E23E /* Sources */ = {
			isa = PBXSourcesBuildPhase;
			buildActionMask = 2147483647;
			files = (
				FECF48F01FAD59B1006C96EE /* HZHTTPRequestHeaderConfig.m in Sources */,
				FECF48F11FAD59B1006C96EE /* HZHTTPRequestManager.m in Sources */,
				FECF48F21FAD59B1006C96EE /* HZHTTPRequestModel.m in Sources */,
				FECF48F31FAD59B1006C96EE /* HZHTTPResponseModel.m in Sources */,
				FE4573201FCCF59D00B44F1C /* GSBaseNetResponse.m in Sources */,
				FE45732B1FCD368800B44F1C /* GSFileBaseNetRequest.m in Sources */,
				FEFA0DFF1F4FB3B50044E23E /* ViewController.m in Sources */,
				FE45731D1FCCF53D00B44F1C /* GSBaseNetRequest.m in Sources */,
				FE4573181FCC08C100B44F1C /* GSNetWorkManager.m in Sources */,
				FEFA0DFC1F4FB3B50044E23E /* AppDelegate.m in Sources */,
				FEFA0E051F4FB3B50044E23E /* HZNetFrameWork.xcdatamodeld in Sources */,
				FE4573271FCCF66800B44F1C /* GSBaseNetError.m in Sources */,
				FEFA0DF91F4FB3B50044E23E /* main.m in Sources */,
			);
			runOnlyForDeploymentPostprocessing = 0;
		};
		FEFA0E0C1F4FB3B50044E23E /* Sources */ = {
			isa = PBXSourcesBuildPhase;
			buildActionMask = 2147483647;
			files = (
				FEFA0E151F4FB3B50044E23E /* HZNetFrameWorkTests.m in Sources */,
			);
			runOnlyForDeploymentPostprocessing = 0;
		};
		FEFA0E171F4FB3B50044E23E /* Sources */ = {
			isa = PBXSourcesBuildPhase;
			buildActionMask = 2147483647;
			files = (
				FEFA0E201F4FB3B50044E23E /* HZNetFrameWorkUITests.m in Sources */,
			);
			runOnlyForDeploymentPostprocessing = 0;
		};
/* End PBXSourcesBuildPhase section */

/* Begin PBXTargetDependency section */
		FEFA0E121F4FB3B50044E23E /* PBXTargetDependency */ = {
			isa = PBXTargetDependency;
			target = FEFA0DF31F4FB3B50044E23E /* HZNetFrameWork */;
			targetProxy = FEFA0E111F4FB3B50044E23E /* PBXContainerItemProxy */;
		};
		FEFA0E1D1F4FB3B50044E23E /* PBXTargetDependency */ = {
			isa = PBXTargetDependency;
			target = FEFA0DF31F4FB3B50044E23E /* HZNetFrameWork */;
			targetProxy = FEFA0E1C1F4FB3B50044E23E /* PBXContainerItemProxy */;
		};
/* End PBXTargetDependency section */

/* Begin PBXVariantGroup section */
		FEFA0E001F4FB3B50044E23E /* Main.storyboard */ = {
			isa = PBXVariantGroup;
			children = (
				FEFA0E011F4FB3B50044E23E /* Base */,
			);
			name = Main.storyboard;
			sourceTree = "<group>";
		};
		FEFA0E081F4FB3B50044E23E /* LaunchScreen.storyboard */ = {
			isa = PBXVariantGroup;
			children = (
				FEFA0E091F4FB3B50044E23E /* Base */,
			);
			name = LaunchScreen.storyboard;
			sourceTree = "<group>";
		};
/* End PBXVariantGroup section */

/* Begin XCBuildConfiguration section */
		FEFA0E221F4FB3B50044E23E /* Debug */ = {
			isa = XCBuildConfiguration;
			buildSettings = {
				ALWAYS_SEARCH_USER_PATHS = NO;
				CLANG_ANALYZER_NONNULL = YES;
				CLANG_ANALYZER_NUMBER_OBJECT_CONVERSION = YES_AGGRESSIVE;
				CLANG_CXX_LANGUAGE_STANDARD = "gnu++0x";
				CLANG_CXX_LIBRARY = "libc++";
				CLANG_ENABLE_MODULES = YES;
				CLANG_ENABLE_OBJC_ARC = YES;
				CLANG_WARN_BLOCK_CAPTURE_AUTORELEASING = YES;
				CLANG_WARN_BOOL_CONVERSION = YES;
				CLANG_WARN_COMMA = YES;
				CLANG_WARN_CONSTANT_CONVERSION = YES;
				CLANG_WARN_DIRECT_OBJC_ISA_USAGE = YES_ERROR;
				CLANG_WARN_DOCUMENTATION_COMMENTS = YES;
				CLANG_WARN_EMPTY_BODY = YES;
				CLANG_WARN_ENUM_CONVERSION = YES;
				CLANG_WARN_INFINITE_RECURSION = YES;
				CLANG_WARN_INT_CONVERSION = YES;
				CLANG_WARN_NON_LITERAL_NULL_CONVERSION = YES;
				CLANG_WARN_OBJC_LITERAL_CONVERSION = YES;
				CLANG_WARN_OBJC_ROOT_CLASS = YES_ERROR;
				CLANG_WARN_RANGE_LOOP_ANALYSIS = YES;
				CLANG_WARN_STRICT_PROTOTYPES = YES;
				CLANG_WARN_SUSPICIOUS_MOVE = YES;
				CLANG_WARN_UNREACHABLE_CODE = YES;
				CLANG_WARN__DUPLICATE_METHOD_MATCH = YES;
				"CODE_SIGN_IDENTITY[sdk=iphoneos*]" = "iPhone Developer";
				COPY_PHASE_STRIP = NO;
				DEBUG_INFORMATION_FORMAT = dwarf;
				ENABLE_STRICT_OBJC_MSGSEND = YES;
				ENABLE_TESTABILITY = YES;
				GCC_C_LANGUAGE_STANDARD = gnu99;
				GCC_DYNAMIC_NO_PIC = NO;
				GCC_NO_COMMON_BLOCKS = YES;
				GCC_OPTIMIZATION_LEVEL = 0;
				GCC_PREPROCESSOR_DEFINITIONS = (
					"DEBUG=1",
					"$(inherited)",
				);
				GCC_WARN_64_TO_32_BIT_CONVERSION = YES;
				GCC_WARN_ABOUT_RETURN_TYPE = YES_ERROR;
				GCC_WARN_UNDECLARED_SELECTOR = YES;
				GCC_WARN_UNINITIALIZED_AUTOS = YES_AGGRESSIVE;
				GCC_WARN_UNUSED_FUNCTION = YES;
				GCC_WARN_UNUSED_VARIABLE = YES;
				IPHONEOS_DEPLOYMENT_TARGET = 10.3;
				MTL_ENABLE_DEBUG_INFO = YES;
				ONLY_ACTIVE_ARCH = YES;
				SDKROOT = iphoneos;
				TARGETED_DEVICE_FAMILY = "1,2";
			};
			name = Debug;
		};
		FEFA0E231F4FB3B50044E23E /* Release */ = {
			isa = XCBuildConfiguration;
			buildSettings = {
				ALWAYS_SEARCH_USER_PATHS = NO;
				CLANG_ANALYZER_NONNULL = YES;
				CLANG_ANALYZER_NUMBER_OBJECT_CONVERSION = YES_AGGRESSIVE;
				CLANG_CXX_LANGUAGE_STANDARD = "gnu++0x";
				CLANG_CXX_LIBRARY = "libc++";
				CLANG_ENABLE_MODULES = YES;
				CLANG_ENABLE_OBJC_ARC = YES;
				CLANG_WARN_BLOCK_CAPTURE_AUTORELEASING = YES;
				CLANG_WARN_BOOL_CONVERSION = YES;
				CLANG_WARN_COMMA = YES;
				CLANG_WARN_CONSTANT_CONVERSION = YES;
				CLANG_WARN_DIRECT_OBJC_ISA_USAGE = YES_ERROR;
				CLANG_WARN_DOCUMENTATION_COMMENTS = YES;
				CLANG_WARN_EMPTY_BODY = YES;
				CLANG_WARN_ENUM_CONVERSION = YES;
				CLANG_WARN_INFINITE_RECURSION = YES;
				CLANG_WARN_INT_CONVERSION = YES;
				CLANG_WARN_NON_LITERAL_NULL_CONVERSION = YES;
				CLANG_WARN_OBJC_LITERAL_CONVERSION = YES;
				CLANG_WARN_OBJC_ROOT_CLASS = YES_ERROR;
				CLANG_WARN_RANGE_LOOP_ANALYSIS = YES;
				CLANG_WARN_STRICT_PROTOTYPES = YES;
				CLANG_WARN_SUSPICIOUS_MOVE = YES;
				CLANG_WARN_UNREACHABLE_CODE = YES;
				CLANG_WARN__DUPLICATE_METHOD_MATCH = YES;
				"CODE_SIGN_IDENTITY[sdk=iphoneos*]" = "iPhone Developer";
				COPY_PHASE_STRIP = NO;
				DEBUG_INFORMATION_FORMAT = "dwarf-with-dsym";
				ENABLE_NS_ASSERTIONS = NO;
				ENABLE_STRICT_OBJC_MSGSEND = YES;
				GCC_C_LANGUAGE_STANDARD = gnu99;
				GCC_NO_COMMON_BLOCKS = YES;
				GCC_WARN_64_TO_32_BIT_CONVERSION = YES;
				GCC_WARN_ABOUT_RETURN_TYPE = YES_ERROR;
				GCC_WARN_UNDECLARED_SELECTOR = YES;
				GCC_WARN_UNINITIALIZED_AUTOS = YES_AGGRESSIVE;
				GCC_WARN_UNUSED_FUNCTION = YES;
				GCC_WARN_UNUSED_VARIABLE = YES;
				IPHONEOS_DEPLOYMENT_TARGET = 10.3;
				MTL_ENABLE_DEBUG_INFO = NO;
				SDKROOT = iphoneos;
				TARGETED_DEVICE_FAMILY = "1,2";
				VALIDATE_PRODUCT = YES;
			};
			name = Release;
		};
		FEFA0E251F4FB3B50044E23E /* Debug */ = {
			isa = XCBuildConfiguration;
			baseConfigurationReference = AC048BCBDB653730D884807A /* Pods-HZNetFrameWork.debug.xcconfig */;
			buildSettings = {
				ASSETCATALOG_COMPILER_APPICON_NAME = AppIcon;
				INFOPLIST_FILE = HZNetFrameWork/Info.plist;
				LD_RUNPATH_SEARCH_PATHS = "$(inherited) @executable_path/Frameworks";
				PRODUCT_BUNDLE_IDENTIFIER = com.geeks.HZNetFrameWork;
				PRODUCT_NAME = "$(TARGET_NAME)";
			};
			name = Debug;
		};
		FEFA0E261F4FB3B50044E23E /* Release */ = {
			isa = XCBuildConfiguration;
			baseConfigurationReference = 6AB7836B397C94995188C106 /* Pods-HZNetFrameWork.release.xcconfig */;
			buildSettings = {
				ASSETCATALOG_COMPILER_APPICON_NAME = AppIcon;
				INFOPLIST_FILE = HZNetFrameWork/Info.plist;
				LD_RUNPATH_SEARCH_PATHS = "$(inherited) @executable_path/Frameworks";
				PRODUCT_BUNDLE_IDENTIFIER = com.geeks.HZNetFrameWork;
				PRODUCT_NAME = "$(TARGET_NAME)";
			};
			name = Release;
		};
		FEFA0E281F4FB3B50044E23E /* Debug */ = {
			isa = XCBuildConfiguration;
			buildSettings = {
				BUNDLE_LOADER = "$(TEST_HOST)";
				INFOPLIST_FILE = HZNetFrameWorkTests/Info.plist;
				LD_RUNPATH_SEARCH_PATHS = "$(inherited) @executable_path/Frameworks @loader_path/Frameworks";
				PRODUCT_BUNDLE_IDENTIFIER = com.geeks.HZNetFrameWorkTests;
				PRODUCT_NAME = "$(TARGET_NAME)";
				TEST_HOST = "$(BUILT_PRODUCTS_DIR)/HZNetFrameWork.app/HZNetFrameWork";
			};
			name = Debug;
		};
		FEFA0E291F4FB3B50044E23E /* Release */ = {
			isa = XCBuildConfiguration;
			buildSettings = {
				BUNDLE_LOADER = "$(TEST_HOST)";
				INFOPLIST_FILE = HZNetFrameWorkTests/Info.plist;
				LD_RUNPATH_SEARCH_PATHS = "$(inherited) @executable_path/Frameworks @loader_path/Frameworks";
				PRODUCT_BUNDLE_IDENTIFIER = com.geeks.HZNetFrameWorkTests;
				PRODUCT_NAME = "$(TARGET_NAME)";
				TEST_HOST = "$(BUILT_PRODUCTS_DIR)/HZNetFrameWork.app/HZNetFrameWork";
			};
			name = Release;
		};
		FEFA0E2B1F4FB3B50044E23E /* Debug */ = {
			isa = XCBuildConfiguration;
			buildSettings = {
				INFOPLIST_FILE = HZNetFrameWorkUITests/Info.plist;
				LD_RUNPATH_SEARCH_PATHS = "$(inherited) @executable_path/Frameworks @loader_path/Frameworks";
				PRODUCT_BUNDLE_IDENTIFIER = com.geeks.HZNetFrameWorkUITests;
				PRODUCT_NAME = "$(TARGET_NAME)";
				TEST_TARGET_NAME = HZNetFrameWork;
			};
			name = Debug;
		};
		FEFA0E2C1F4FB3B50044E23E /* Release */ = {
			isa = XCBuildConfiguration;
			buildSettings = {
				INFOPLIST_FILE = HZNetFrameWorkUITests/Info.plist;
				LD_RUNPATH_SEARCH_PATHS = "$(inherited) @executable_path/Frameworks @loader_path/Frameworks";
				PRODUCT_BUNDLE_IDENTIFIER = com.geeks.HZNetFrameWorkUITests;
				PRODUCT_NAME = "$(TARGET_NAME)";
				TEST_TARGET_NAME = HZNetFrameWork;
			};
			name = Release;
		};
/* End XCBuildConfiguration section */

/* Begin XCConfigurationList section */
		FEFA0DEF1F4FB3B50044E23E /* Build configuration list for PBXProject "HZNetFrameWork" */ = {
			isa = XCConfigurationList;
			buildConfigurations = (
				FEFA0E221F4FB3B50044E23E /* Debug */,
				FEFA0E231F4FB3B50044E23E /* Release */,
			);
			defaultConfigurationIsVisible = 0;
			defaultConfigurationName = Release;
		};
		FEFA0E241F4FB3B50044E23E /* Build configuration list for PBXNativeTarget "HZNetFrameWork" */ = {
			isa = XCConfigurationList;
			buildConfigurations = (
				FEFA0E251F4FB3B50044E23E /* Debug */,
				FEFA0E261F4FB3B50044E23E /* Release */,
			);
			defaultConfigurationIsVisible = 0;
			defaultConfigurationName = Release;
		};
		FEFA0E271F4FB3B50044E23E /* Build configuration list for PBXNativeTarget "HZNetFrameWorkTests" */ = {
			isa = XCConfigurationList;
			buildConfigurations = (
				FEFA0E281F4FB3B50044E23E /* Debug */,
				FEFA0E291F4FB3B50044E23E /* Release */,
			);
			defaultConfigurationIsVisible = 0;
			defaultConfigurationName = Release;
		};
		FEFA0E2A1F4FB3B50044E23E /* Build configuration list for PBXNativeTarget "HZNetFrameWorkUITests" */ = {
			isa = XCConfigurationList;
			buildConfigurations = (
				FEFA0E2B1F4FB3B50044E23E /* Debug */,
				FEFA0E2C1F4FB3B50044E23E /* Release */,
			);
			defaultConfigurationIsVisible = 0;
			defaultConfigurationName = Release;
		};
/* End XCConfigurationList section */

/* Begin XCVersionGroup section */
		FEFA0E031F4FB3B50044E23E /* HZNetFrameWork.xcdatamodeld */ = {
			isa = XCVersionGroup;
			children = (
				FEFA0E041F4FB3B50044E23E /* HZNetFrameWork.xcdatamodel */,
			);
			currentVersion = FEFA0E041F4FB3B50044E23E /* HZNetFrameWork.xcdatamodel */;
			path = HZNetFrameWork.xcdatamodeld;
			sourceTree = "<group>";
			versionGroupType = wrapper.xcdatamodel;
		};
/* End XCVersionGroup section */
	};
	rootObject = FEFA0DEC1F4FB3B50044E23E /* Project object */;
}
